
Microsoft Visual Studio Solution File, Format Version 12.00
# Visual Studio Version 17
VisualStudioVersion = 17.5.002.0
MinimumVisualStudioVersion = 10.0.40219.1
Project("{9A19103F-16F7-4668-BE54-9A1E7A4F7556}") = "HelloKira", "HelloKira.csproj", "{C7486B49-6FD9-41C9-B32C-C247A50BA660}"
EndProject
Project("{FAE04EC0-301F-11D3-BF4B-00C04F79EFBC}") = "14SwitchStatement", "..\14SwitchStatement\14SwitchStatement.csproj", "{B02D0FC5-C530-4893-8F89-2E89947B5EA9}"
EndProject
Project("{FAE04EC0-301F-11D3-BF4B-00C04F79EFBC}") = "18ForLoop", "..\18ForLoop\18ForLoop.csproj", "{B9760756-38FA-44BB-AD12-80EBA3CACC26}"
EndProject
Project("{FAE04EC0-301F-11D3-BF4B-00C04F79EFBC}") = "19WhileLoop", "..\19WhileLoop\19WhileLoop.csproj", "{51A46A74-5923-4308-B2CA-04AA376BB054}"
EndProject
Project("{FAE04EC0-301F-11D3-BF4B-00C04F79EFBC}") = "20GuessNumber", "..\20GuessNumber\20GuessNumber.csproj", "{D66A864C-D41F-4D5C-A3B2-4EF3A340B9FA}"
EndProject
Project("{FAE04EC0-301F-11D3-BF4B-00C04F79EFBC}") = "21DoWhileLoop", "..\21DoWhileLoop\21DoWhileLoop.csproj", "{01738CD9-5E28-471D-B98C-9184CE31662A}"
EndProject
Project("{FAE04EC0-301F-11D3-BF4B-00C04F79EFBC}") = "22AverageCalculator", "..\22AverageCalculator\22AverageCalculator.csproj", "{E5A65B26-5F35-46F6-A6A3-224980ED55CD}"
EndProject
Project("{FAE04EC0-301F-11D3-BF4B-00C04F79EFBC}") = "23BreaknContinue", "..\23BreaknContinue\23BreaknContinue.csproj", "{FADFB531-1F3D-47E1-80A4-1230792D6ECD}"
EndProject
Project("{FAE04EC0-301F-11D3-BF4B-00C04F79EFBC}") = "24Arrays", "..\24Arrays\24Arrays.csproj", "{8C4D1D45-96C5-45B6-B83C-391E604F26A0}"
EndProject
Project("{FAE04EC0-301F-11D3-BF4B-00C04F79EFBC}") = "25TwoDimensionalArrays", "..\25TwoDimensionalArrays\25TwoDimensionalArrays.csproj", "{F7ABA6E6-79E0-42E4-9979-C100E6507618}"
EndProject
Project("{FAE04EC0-301F-11D3-BF4B-00C04F79EFBC}") = "GoalsForJob", "..\GoalsForJob\GoalsForJob.csproj", "{C6C3B449-81B2-4651-AC49-88D53580DE6C}"
EndProject
Project("{FAE04EC0-301F-11D3-BF4B-00C04F79EFBC}") = "26Methods", "..\26Methods\26Methods.csproj", "{E6324187-2353-42BB-9FDB-B070E678921F}"
EndProject
Global
	GlobalSection(SolutionConfigurationPlatforms) = preSolution
		Debug|Any CPU = Debug|Any CPU
		Release|Any CPU = Release|Any CPU
	EndGlobalSection
	GlobalSection(ProjectConfigurationPlatforms) = postSolution
		{C7486B49-6FD9-41C9-B32C-C247A50BA660}.Debug|Any CPU.ActiveCfg = Debug|Any CPU
		{C7486B49-6FD9-41C9-B32C-C247A50BA660}.Debug|Any CPU.Build.0 = Debug|Any CPU
		{C7486B49-6FD9-41C9-B32C-C247A50BA660}.Release|Any CPU.ActiveCfg = Release|Any CPU
		{C7486B49-6FD9-41C9-B32C-C247A50BA660}.Release|Any CPU.Build.0 = Release|Any CPU
		{B02D0FC5-C530-4893-8F89-2E89947B5EA9}.Debug|Any CPU.ActiveCfg = Debug|Any CPU
		{B02D0FC5-C530-4893-8F89-2E89947B5EA9}.Debug|Any CPU.Build.0 = Debug|Any CPU
		{B02D0FC5-C530-4893-8F89-2E89947B5EA9}.Release|Any CPU.ActiveCfg = Release|Any CPU
		{B02D0FC5-C530-4893-8F89-2E89947B5EA9}.Release|Any CPU.Build.0 = Release|Any CPU
		{B9760756-38FA-44BB-AD12-80EBA3CACC26}.Debug|Any CPU.ActiveCfg = Debug|Any CPU
		{B9760756-38FA-44BB-AD12-80EBA3CACC26}.Debug|Any CPU.Build.0 = Debug|Any CPU
		{B9760756-38FA-44BB-AD12-80EBA3CACC26}.Release|Any CPU.ActiveCfg = Release|Any CPU
		{B9760756-38FA-44BB-AD12-80EBA3CACC26}.Release|Any CPU.Build.0 = Release|Any CPU
		{51A46A74-5923-4308-B2CA-04AA376BB054}.Debug|Any CPU.ActiveCfg = Debug|Any CPU
		{51A46A74-5923-4308-B2CA-04AA376BB054}.Debug|Any CPU.Build.0 = Debug|Any CPU
		{51A46A74-5923-4308-B2CA-04AA376BB054}.Release|Any CPU.ActiveCfg = Release|Any CPU
		{51A46A74-5923-4308-B2CA-04AA376BB054}.Release|Any CPU.Build.0 = Release|Any CPU
		{D66A864C-D41F-4D5C-A3B2-4EF3A340B9FA}.Debug|Any CPU.ActiveCfg = Debug|Any CPU
		{D66A864C-D41F-4D5C-A3B2-4EF3A340B9FA}.Debug|Any CPU.Build.0 = Debug|Any CPU
		{D66A864C-D41F-4D5C-A3B2-4EF3A340B9FA}.Release|Any CPU.ActiveCfg = Release|Any CPU
		{D66A864C-D41F-4D5C-A3B2-4EF3A340B9FA}.Release|Any CPU.Build.0 = Release|Any CPU
		{01738CD9-5E28-471D-B98C-9184CE31662A}.Debug|Any CPU.ActiveCfg = Debug|Any CPU
		{01738CD9-5E28-471D-B98C-9184CE31662A}.Debug|Any CPU.Build.0 = Debug|Any CPU
		{01738CD9-5E28-471D-B98C-9184CE31662A}.Release|Any CPU.ActiveCfg = Release|Any CPU
		{01738CD9-5E28-471D-B98C-9184CE31662A}.Release|Any CPU.Build.0 = Release|Any CPU
		{E5A65B26-5F35-46F6-A6A3-224980ED55CD}.Debug|Any CPU.ActiveCfg = Debug|Any CPU
		{E5A65B26-5F35-46F6-A6A3-224980ED55CD}.Debug|Any CPU.Build.0 = Debug|Any CPU
		{E5A65B26-5F35-46F6-A6A3-224980ED55CD}.Release|Any CPU.ActiveCfg = Release|Any CPU
		{E5A65B26-5F35-46F6-A6A3-224980ED55CD}.Release|Any CPU.Build.0 = Release|Any CPU
		{FADFB531-1F3D-47E1-80A4-1230792D6ECD}.Debug|Any CPU.ActiveCfg = Debug|Any CPU
		{FADFB531-1F3D-47E1-80A4-1230792D6ECD}.Debug|Any CPU.Build.0 = Debug|Any CPU
		{FADFB531-1F3D-47E1-80A4-1230792D6ECD}.Release|Any CPU.ActiveCfg = Release|Any CPU
		{FADFB531-1F3D-47E1-80A4-1230792D6ECD}.Release|Any CPU.Build.0 = Release|Any CPU
		{8C4D1D45-96C5-45B6-B83C-391E604F26A0}.Debug|Any CPU.ActiveCfg = Debug|Any CPU
		{8C4D1D45-96C5-45B6-B83C-391E604F26A0}.Debug|Any CPU.Build.0 = Debug|Any CPU
		{8C4D1D45-96C5-45B6-B83C-391E604F26A0}.Release|Any CPU.ActiveCfg = Release|Any CPU
		{8C4D1D45-96C5-45B6-B83C-391E604F26A0}.Release|Any CPU.Build.0 = Release|Any CPU
		{F7ABA6E6-79E0-42E4-9979-C100E6507618}.Debug|Any CPU.ActiveCfg = Debug|Any CPU
		{F7ABA6E6-79E0-42E4-9979-C100E6507618}.Debug|Any CPU.Build.0 = Debug|Any CPU
		{F7ABA6E6-79E0-42E4-9979-C100E6507618}.Release|Any CPU.ActiveCfg = Release|Any CPU
		{F7ABA6E6-79E0-42E4-9979-C100E6507618}.Release|Any CPU.Build.0 = Release|Any CPU
		{C6C3B449-81B2-4651-AC49-88D53580DE6C}.Debug|Any CPU.ActiveCfg = Debug|Any CPU
		{C6C3B449-81B2-4651-AC49-88D53580DE6C}.Debug|Any CPU.Build.0 = Debug|Any CPU
		{C6C3B449-81B2-4651-AC49-88D53580DE6C}.Release|Any CPU.ActiveCfg = Release|Any CPU
		{C6C3B449-81B2-4651-AC49-88D53580DE6C}.Release|Any CPU.Build.0 = Release|Any CPU
		{E6324187-2353-42BB-9FDB-B070E678921F}.Debug|Any CPU.ActiveCfg = Debug|Any CPU
		{E6324187-2353-42BB-9FDB-B070E678921F}.Debug|Any CPU.Build.0 = Debug|Any CPU
		{E6324187-2353-42BB-9FDB-B070E678921F}.Release|Any CPU.ActiveCfg = Release|Any CPU
		{E6324187-2353-42BB-9FDB-B070E678921F}.Release|Any CPU.Build.0 = Release|Any CPU
	EndGlobalSection
	GlobalSection(SolutionProperties) = preSolution
		HideSolutionNode = FALSE
	EndGlobalSection
	GlobalSection(ExtensibilityGlobals) = postSolution
		SolutionGuid = {305F6B8F-F487-48F1-892A-2CD28C096EE0}
	EndGlobalSection
EndGlobal
